lockfileVersion: '6.0'

dependencies:
  '@aws-sdk/client-ssm':
    specifier: ^3.338.0
    version: 3.338.0
  fastify-tsconfig:
    specifier: ^1.0.1
    version: 1.0.1
  nconf:
    specifier: ^0.12.0
    version: 0.12.0

devDependencies:
  '@types/nconf':
    specifier: ^0.10.3
    version: 0.10.3
  '@types/node':
    specifier: ^20.2.3
    version: 20.2.3
  ts-node:
    specifier: ^10.9.1
    version: 10.9.1(@types/node@20.2.3)(typescript@5.0.4)
  typescript:
    specifier: ^5.0.4
    version: 5.0.4

packages:

  /@aws-crypto/ie11-detection@3.0.0:
    resolution: {integrity: sha512-341lBBkiY1DfDNKai/wXM3aujNBkXR7tq1URPQDL9wi3AUbI80NR74uF1TXHMm7po1AcnFk8iu2S2IeU/+/A+Q==}
    dependencies:
      tslib: 1.14.1
    dev: false

  /@aws-crypto/sha256-browser@3.0.0:
    resolution: {integrity: sha512-8VLmW2B+gjFbU5uMeqtQM6Nj0/F1bro80xQXCW6CQBWgosFWXTx77aeOF5CAIAmbOK64SdMBJdNr6J41yP5mvQ==}
    dependencies:
      '@aws-crypto/ie11-detection': 3.0.0
      '@aws-crypto/sha256-js': 3.0.0
      '@aws-crypto/supports-web-crypto': 3.0.0
      '@aws-crypto/util': 3.0.0
      '@aws-sdk/types': 3.338.0
      '@aws-sdk/util-locate-window': 3.310.0
      '@aws-sdk/util-utf8-browser': 3.259.0
      tslib: 1.14.1
    dev: false

  /@aws-crypto/sha256-js@3.0.0:
    resolution: {integrity: sha512-PnNN7os0+yd1XvXAy23CFOmTbMaDxgxXtTKHybrJ39Y8kGzBATgBFibWJKH6BhytLI/Zyszs87xCOBNyBig6vQ==}
    dependencies:
      '@aws-crypto/util': 3.0.0
      '@aws-sdk/types': 3.338.0
      tslib: 1.14.1
    dev: false

  /@aws-crypto/supports-web-crypto@3.0.0:
    resolution: {integrity: sha512-06hBdMwUAb2WFTuGG73LSC0wfPu93xWwo5vL2et9eymgmu3Id5vFAHBbajVWiGhPO37qcsdCap/FqXvJGJWPIg==}
    dependencies:
      tslib: 1.14.1
    dev: false

  /@aws-crypto/util@3.0.0:
    resolution: {integrity: sha512-2OJlpeJpCR48CC8r+uKVChzs9Iungj9wkZrl8Z041DWEWvyIHILYKCPNzJghKsivj+S3mLo6BVc7mBNzdxA46w==}
    dependencies:
      '@aws-sdk/types': 3.338.0
      '@aws-sdk/util-utf8-browser': 3.259.0
      tslib: 1.14.1
    dev: false

  /@aws-sdk/abort-controller@3.338.0:
    resolution: {integrity: sha512-/yLI32+HwFNBRJ39jMXw+/cn3AnlCuJpQd7Ax4887g32Dgte5eyrfY8sJUOL6902BUmAq4oSRI5QeBXNplO0Xw==}
    engines: {node: '>=14.0.0'}
    dependencies:
      '@aws-sdk/types': 3.338.0
      tslib: 2.5.2
    dev: false

  /@aws-sdk/client-ssm@3.338.0:
    resolution: {integrity: sha512-U0eCJkZYcq5aha1Z3udhRn2sGAEsg/YcgNgMnIzU6rAvGFPRYp+ICRUwEy9ngYBHWrwKrQF7OKO/OD5QRJ7Urw==}
    engines: {node: '>=14.0.0'}
    dependencies:
      '@aws-crypto/sha256-browser': 3.0.0
      '@aws-crypto/sha256-js': 3.0.0
      '@aws-sdk/client-sts': 3.338.0
      '@aws-sdk/config-resolver': 3.338.0
      '@aws-sdk/credential-provider-node': 3.338.0
      '@aws-sdk/fetch-http-handler': 3.338.0
      '@aws-sdk/hash-node': 3.338.0
      '@aws-sdk/invalid-dependency': 3.338.0
      '@aws-sdk/middleware-content-length': 3.338.0
      '@aws-sdk/middleware-endpoint': 3.338.0
      '@aws-sdk/middleware-host-header': 3.338.0
      '@aws-sdk/middleware-logger': 3.338.0
      '@aws-sdk/middleware-recursion-detection': 3.338.0
      '@aws-sdk/middleware-retry': 3.338.0
      '@aws-sdk/middleware-serde': 3.338.0
      '@aws-sdk/middleware-signing': 3.338.0
      '@aws-sdk/middleware-stack': 3.338.0
      '@aws-sdk/middleware-user-agent': 3.338.0
      '@aws-sdk/node-config-provider': 3.338.0
      '@aws-sdk/node-http-handler': 3.338.0
      '@aws-sdk/smithy-client': 3.338.0
      '@aws-sdk/types': 3.338.0
      '@aws-sdk/url-parser': 3.338.0
      '@aws-sdk/util-base64': 3.310.0
      '@aws-sdk/util-body-length-browser': 3.310.0
      '@aws-sdk/util-body-length-node': 3.310.0
      '@aws-sdk/util-defaults-mode-browser': 3.338.0
      '@aws-sdk/util-defaults-mode-node': 3.338.0
      '@aws-sdk/util-endpoints': 3.338.0
      '@aws-sdk/util-retry': 3.338.0
      '@aws-sdk/util-user-agent-browser': 3.338.0
      '@aws-sdk/util-user-agent-node': 3.338.0
      '@aws-sdk/util-utf8': 3.310.0
      '@aws-sdk/util-waiter': 3.338.0
      '@smithy/protocol-http': 1.0.1
      '@smithy/types': 1.0.0
      tslib: 2.5.2
      uuid: 8.3.2
    transitivePeerDependencies:
      - aws-crt
    dev: false

  /@aws-sdk/client-sso-oidc@3.338.0:
    resolution: {integrity: sha512-mny5Q3LWKTcMMFS8WxeOCTinl193z7vS3b+eQz09K4jb1Lq04Bpjw25cySgBnhMGZ7QHQiYBscNLyu/TfOKiHA==}
    engines: {node: '>=14.0.0'}
    dependencies:
      '@aws-crypto/sha256-browser': 3.0.0
      '@aws-crypto/sha256-js': 3.0.0
      '@aws-sdk/config-resolver': 3.338.0
      '@aws-sdk/fetch-http-handler': 3.338.0
      '@aws-sdk/hash-node': 3.338.0
      '@aws-sdk/invalid-dependency': 3.338.0
      '@aws-sdk/middleware-content-length': 3.338.0
      '@aws-sdk/middleware-endpoint': 3.338.0
      '@aws-sdk/middleware-host-header': 3.338.0
      '@aws-sdk/middleware-logger': 3.338.0
      '@aws-sdk/middleware-recursion-detection': 3.338.0
      '@aws-sdk/middleware-retry': 3.338.0
      '@aws-sdk/middleware-serde': 3.338.0
      '@aws-sdk/middleware-stack': 3.338.0
      '@aws-sdk/middleware-user-agent': 3.338.0
      '@aws-sdk/node-config-provider': 3.338.0
      '@aws-sdk/node-http-handler': 3.338.0
      '@aws-sdk/smithy-client': 3.338.0
      '@aws-sdk/types': 3.338.0
      '@aws-sdk/url-parser': 3.338.0
      '@aws-sdk/util-base64': 3.310.0
      '@aws-sdk/util-body-length-browser': 3.310.0
      '@aws-sdk/util-body-length-node': 3.310.0
      '@aws-sdk/util-defaults-mode-browser': 3.338.0
      '@aws-sdk/util-defaults-mode-node': 3.338.0
      '@aws-sdk/util-endpoints': 3.338.0
      '@aws-sdk/util-retry': 3.338.0
      '@aws-sdk/util-user-agent-browser': 3.338.0
      '@aws-sdk/util-user-agent-node': 3.338.0
      '@aws-sdk/util-utf8': 3.310.0
      '@smithy/protocol-http': 1.0.1
      '@smithy/types': 1.0.0
      tslib: 2.5.2
    transitivePeerDependencies:
      - aws-crt
    dev: false

  /@aws-sdk/client-sso@3.338.0:
    resolution: {integrity: sha512-EglKsGlVph65PuFPKq1nGlxsY99XM2xHJaB1uX0bQEC94qrmS/M4a5kno5tiUnTWO1K+K4JBQiOxdGJs0GUS+w==}
    engines: {node: '>=14.0.0'}
    dependencies:
      '@aws-crypto/sha256-browser': 3.0.0
      '@aws-crypto/sha256-js': 3.0.0
      '@aws-sdk/config-resolver': 3.338.0
      '@aws-sdk/fetch-http-handler': 3.338.0
      '@aws-sdk/hash-node': 3.338.0
      '@aws-sdk/invalid-dependency': 3.338.0
      '@aws-sdk/middleware-content-length': 3.338.0
      '@aws-sdk/middleware-endpoint': 3.338.0
      '@aws-sdk/middleware-host-header': 3.338.0
      '@aws-sdk/middleware-logger': 3.338.0
      '@aws-sdk/middleware-recursion-detection': 3.338.0
      '@aws-sdk/middleware-retry': 3.338.0
      '@aws-sdk/middleware-serde': 3.338.0
      '@aws-sdk/middleware-stack': 3.338.0
      '@aws-sdk/middleware-user-agent': 3.338.0
      '@aws-sdk/node-config-provider': 3.338.0
      '@aws-sdk/node-http-handler': 3.338.0
      '@aws-sdk/smithy-client': 3.338.0
      '@aws-sdk/types': 3.338.0
      '@aws-sdk/url-parser': 3.338.0
      '@aws-sdk/util-base64': 3.310.0
      '@aws-sdk/util-body-length-browser': 3.310.0
      '@aws-sdk/util-body-length-node': 3.310.0
      '@aws-sdk/util-defaults-mode-browser': 3.338.0
      '@aws-sdk/util-defaults-mode-node': 3.338.0
      '@aws-sdk/util-endpoints': 3.338.0
      '@aws-sdk/util-retry': 3.338.0
      '@aws-sdk/util-user-agent-browser': 3.338.0
      '@aws-sdk/util-user-agent-node': 3.338.0
      '@aws-sdk/util-utf8': 3.310.0
      '@smithy/protocol-http': 1.0.1
      '@smithy/types': 1.0.0
      tslib: 2.5.2
    transitivePeerDependencies:
      - aws-crt
    dev: false

  /@aws-sdk/client-sts@3.338.0:
    resolution: {integrity: sha512-FBHy/G7BAPX0CdEeeGYpoAnKXVCSIIkESLU2wF6x880z+U2IqiL48Fzoa5qoLaLPQaK/30P7ytznkqm4vd1OFw==}
    engines: {node: '>=14.0.0'}
    dependencies:
      '@aws-crypto/sha256-browser': 3.0.0
      '@aws-crypto/sha256-js': 3.0.0
      '@aws-sdk/config-resolver': 3.338.0
      '@aws-sdk/credential-provider-node': 3.338.0
      '@aws-sdk/fetch-http-handler': 3.338.0
      '@aws-sdk/hash-node': 3.338.0
      '@aws-sdk/invalid-dependency': 3.338.0
      '@aws-sdk/middleware-content-length': 3.338.0
      '@aws-sdk/middleware-endpoint': 3.338.0
      '@aws-sdk/middleware-host-header': 3.338.0
      '@aws-sdk/middleware-logger': 3.338.0
      '@aws-sdk/middleware-recursion-detection': 3.338.0
      '@aws-sdk/middleware-retry': 3.338.0
      '@aws-sdk/middleware-sdk-sts': 3.338.0
      '@aws-sdk/middleware-serde': 3.338.0
      '@aws-sdk/middleware-signing': 3.338.0
      '@aws-sdk/middleware-stack': 3.338.0
      '@aws-sdk/middleware-user-agent': 3.338.0
      '@aws-sdk/node-config-provider': 3.338.0
      '@aws-sdk/node-http-handler': 3.338.0
      '@aws-sdk/smithy-client': 3.338.0
      '@aws-sdk/types': 3.338.0
      '@aws-sdk/url-parser': 3.338.0
      '@aws-sdk/util-base64': 3.310.0
      '@aws-sdk/util-body-length-browser': 3.310.0
      '@aws-sdk/util-body-length-node': 3.310.0
      '@aws-sdk/util-defaults-mode-browser': 3.338.0
      '@aws-sdk/util-defaults-mode-node': 3.338.0
      '@aws-sdk/util-endpoints': 3.338.0
      '@aws-sdk/util-retry': 3.338.0
      '@aws-sdk/util-user-agent-browser': 3.338.0
      '@aws-sdk/util-user-agent-node': 3.338.0
      '@aws-sdk/util-utf8': 3.310.0
      '@smithy/protocol-http': 1.0.1
      '@smithy/types': 1.0.0
      fast-xml-parser: 4.1.2
      tslib: 2.5.2
    transitivePeerDependencies:
      - aws-crt
    dev: false

  /@aws-sdk/config-resolver@3.338.0:
    resolution: {integrity: sha512-rB9WUaMfTB74Hd2mOiyPFR7Q1viT+w6SaDSR9SA1P8EeIg5H13FNdIKb736Z8/6QJhDj7whdyk1CTGV+DmXOOg==}
    engines: {node: '>=14.0.0'}
    dependencies:
      '@aws-sdk/types': 3.338.0
      '@aws-sdk/util-config-provider': 3.310.0
      '@aws-sdk/util-middleware': 3.338.0
      tslib: 2.5.2
    dev: false

  /@aws-sdk/credential-provider-env@3.338.0:
    resolution: {integrity: sha512-j14vApy80tpk87C3x3uBf1caQsuR8RdQ8iOW830H/AOhsa88XaZIB/NQSX7exaIKZa2RU0Vv2wIlGAA8ko7J6g==}
    engines: {node: '>=14.0.0'}
    dependencies:
      '@aws-sdk/property-provider': 3.338.0
      '@aws-sdk/types': 3.338.0
      tslib: 2.5.2
    dev: false

  /@aws-sdk/credential-provider-imds@3.338.0:
    resolution: {integrity: sha512-qsqeywYfJevg5pgUUUBmm7pK1bckVrl091PZB2IliFdQVnDvI5GFLf4B0oZqjaLAzPG1gVtxRvqIve+tnP/+xA==}
    engines: {node: '>=14.0.0'}
    dependencies:
      '@aws-sdk/node-config-provider': 3.338.0
      '@aws-sdk/property-provider': 3.338.0
      '@aws-sdk/types': 3.338.0
      '@aws-sdk/url-parser': 3.338.0
      tslib: 2.5.2
    dev: false

  /@aws-sdk/credential-provider-ini@3.338.0:
    resolution: {integrity: sha512-UhgYgymT9sJiRm0peqP5EvtR4dXiS2Q2AuFgDUjBvDz8JaZlqafsIS4cfyGwTHV/xY6cdiMu5rCTe8hTyXsukQ==}
    engines: {node: '>=14.0.0'}
    dependencies:
      '@aws-sdk/credential-provider-env': 3.338.0
      '@aws-sdk/credential-provider-imds': 3.338.0
      '@aws-sdk/credential-provider-process': 3.338.0
      '@aws-sdk/credential-provider-sso': 3.338.0
      '@aws-sdk/credential-provider-web-identity': 3.338.0
      '@aws-sdk/property-provider': 3.338.0
      '@aws-sdk/shared-ini-file-loader': 3.338.0
      '@aws-sdk/types': 3.338.0
      tslib: 2.5.2
    transitivePeerDependencies:
      - aws-crt
    dev: false

  /@aws-sdk/credential-provider-node@3.338.0:
    resolution: {integrity: sha512-nZjaMRxJqX0EXMV9LA5IbRQI1pDGGZiPYX2KDfZ1Y9Gc1Y/vIZhHKOHGb1uKMAonlR076CsXlev4/tjC8SGGuw==}
    engines: {node: '>=14.0.0'}
    dependencies:
      '@aws-sdk/credential-provider-env': 3.338.0
      '@aws-sdk/credential-provider-imds': 3.338.0
      '@aws-sdk/credential-provider-ini': 3.338.0
      '@aws-sdk/credential-provider-process': 3.338.0
      '@aws-sdk/credential-provider-sso': 3.338.0
      '@aws-sdk/credential-provider-web-identity': 3.338.0
      '@aws-sdk/property-provider': 3.338.0
      '@aws-sdk/shared-ini-file-loader': 3.338.0
      '@aws-sdk/types': 3.338.0
      tslib: 2.5.2
    transitivePeerDependencies:
      - aws-crt
    dev: false

  /@aws-sdk/credential-provider-process@3.338.0:
    resolution: {integrity: sha512-5I1EgJxFFEg8xel2kInMpkdBKajUut0hR2fBajqCmK7Pflu8s0I2NKDots9a3YJagNrFJq38+EzoDcUvRrd2dg==}
    engines: {node: '>=14.0.0'}
    dependencies:
      '@aws-sdk/property-provider': 3.338.0
      '@aws-sdk/shared-ini-file-loader': 3.338.0
      '@aws-sdk/types': 3.338.0
      tslib: 2.5.2
    dev: false

  /@aws-sdk/credential-provider-sso@3.338.0:
    resolution: {integrity: sha512-fpzYHK17iF/uFkrm4cLg/utDVKSBTWNjAiNlE3GF6CaixBCwc0QBLKHk2nG4d1ZZeMVCbIUMS7eoqfR0LYc/yw==}
    engines: {node: '>=14.0.0'}
    dependencies:
      '@aws-sdk/client-sso': 3.338.0
      '@aws-sdk/property-provider': 3.338.0
      '@aws-sdk/shared-ini-file-loader': 3.338.0
      '@aws-sdk/token-providers': 3.338.0
      '@aws-sdk/types': 3.338.0
      tslib: 2.5.2
    transitivePeerDependencies:
      - aws-crt
    dev: false

  /@aws-sdk/credential-provider-web-identity@3.338.0:
    resolution: {integrity: sha512-kjT/P18jM1icwjYwr8wfY//T8lv2s81ms7OC7vgiSqckmQOxpVkdsep9d44ymSUXwopmotFP7M9gGnEHS6HwAA==}
    engines: {node: '>=14.0.0'}
    dependencies:
      '@aws-sdk/property-provider': 3.338.0
      '@aws-sdk/types': 3.338.0
      tslib: 2.5.2
    dev: false

  /@aws-sdk/fetch-http-handler@3.338.0:
    resolution: {integrity: sha512-NOIQmeSa51J2nFAzl99IjxwQkq27cdNJzF59jQWzpUCGbxXfMD4WWy2NHubabSFuJ4FJU2eyoQHUNUFc6/uxXA==}
    dependencies:
      '@aws-sdk/protocol-http': 3.338.0
      '@aws-sdk/querystring-builder': 3.338.0
      '@aws-sdk/types': 3.338.0
      '@aws-sdk/util-base64': 3.310.0
      tslib: 2.5.2
    dev: false

  /@aws-sdk/hash-node@3.338.0:
    resolution: {integrity: sha512-udveX3ZRO1oUbyBTQH0LJ8Ika7uk0pHuXrqapdi66GGRJB50IhmOg372zUEwZjDB7DZYXfGTCuAj2OoEalgpBA==}
    engines: {node: '>=14.0.0'}
    dependencies:
      '@aws-sdk/types': 3.338.0
      '@aws-sdk/util-buffer-from': 3.310.0
      '@aws-sdk/util-utf8': 3.310.0
      tslib: 2.5.2
    dev: false

  /@aws-sdk/invalid-dependency@3.338.0:
    resolution: {integrity: sha512-m6r1fTTGSl0V6l8Z+Ii4Ei8VFpDmu0AT6A59ZhJaMZgxf925ywuCPydyDW9ZqTLE0e7CgxhEHEsH1+HzpVuHTw==}
    dependencies:
      '@aws-sdk/types': 3.338.0
      tslib: 2.5.2
    dev: false

  /@aws-sdk/is-array-buffer@3.310.0:
    resolution: {integrity: sha512-urnbcCR+h9NWUnmOtet/s4ghvzsidFmspfhYaHAmSRdy9yDjdjBJMFjjsn85A1ODUktztm+cVncXjQ38WCMjMQ==}
    engines: {node: '>=14.0.0'}
    dependencies:
      tslib: 2.5.2
    dev: false

  /@aws-sdk/middleware-content-length@3.338.0:
    resolution: {integrity: sha512-m2C+yJaNmbA3ocBp/7ImUUuimymV5JsFdV7yAibpbYMX22g3q83nieOF9x0I66J0+h+/bcriz/T1ZJAPANLz/g==}
    engines: {node: '>=14.0.0'}
    dependencies:
      '@aws-sdk/protocol-http': 3.338.0
      '@aws-sdk/types': 3.338.0
      tslib: 2.5.2
    dev: false

  /@aws-sdk/middleware-endpoint@3.338.0:
    resolution: {integrity: sha512-bzL9Q8lFidg2NTjGVGDKI6yPG/XiPS+VIAMHJeihQmcv1alIy+N3IL4bEN15Fg+cwaGm+P3BevcLIHmcCOVb4w==}
    engines: {node: '>=14.0.0'}
    dependencies:
      '@aws-sdk/middleware-serde': 3.338.0
      '@aws-sdk/types': 3.338.0
      '@aws-sdk/url-parser': 3.338.0
      '@aws-sdk/util-middleware': 3.338.0
      tslib: 2.5.2
    dev: false

  /@aws-sdk/middleware-host-header@3.338.0:
    resolution: {integrity: sha512-k3C7oppkrqeKrAJt9XIl45SdELtnph9BF0QypjyRfT5MNEDnMMsQkc6xy3ZMqG5dWQq6B2l8C+JL7pOvkSQP3w==}
    engines: {node: '>=14.0.0'}
    dependencies:
      '@aws-sdk/protocol-http': 3.338.0
      '@aws-sdk/types': 3.338.0
      tslib: 2.5.2
    dev: false

  /@aws-sdk/middleware-logger@3.338.0:
    resolution: {integrity: sha512-btj9U0Xovq/UAu3Ur4lAfF7Q3DvvwJ/0UUWsI6GgSzzqSOFgKCz7hCP2GZIT8aXEA5hJOpBOEMkNMjWPNa91Hg==}
    engines: {node: '>=14.0.0'}
    dependencies:
      '@aws-sdk/types': 3.338.0
      tslib: 2.5.2
    dev: false

  /@aws-sdk/middleware-recursion-detection@3.338.0:
    resolution: {integrity: sha512-fu5KwiHHSqC8KTQH6xdJ9+dua4gQcXSFLE5fVsergqd0uVdsmhiI+IDfW6QNwF/lmCqnoKDkpeasuB98eG2tow==}
    engines: {node: '>=14.0.0'}
    dependencies:
      '@aws-sdk/protocol-http': 3.338.0
      '@aws-sdk/types': 3.338.0
      tslib: 2.5.2
    dev: false

  /@aws-sdk/middleware-retry@3.338.0:
    resolution: {integrity: sha512-nw1oPFkB7TdDG4Vlz2Td47ft/2Gmx1bA18QfE9K1mMWZ4nnoAL8xnHbowlTfHo62+BbFCAPu53PzDUCncBL0iw==}
    engines: {node: '>=14.0.0'}
    dependencies:
      '@aws-sdk/protocol-http': 3.338.0
      '@aws-sdk/service-error-classification': 3.338.0
      '@aws-sdk/types': 3.338.0
      '@aws-sdk/util-middleware': 3.338.0
      '@aws-sdk/util-retry': 3.338.0
      tslib: 2.5.2
      uuid: 8.3.2
    dev: false

  /@aws-sdk/middleware-sdk-sts@3.338.0:
    resolution: {integrity: sha512-aZ8eFVaot8oYQri1wOesrA3gLizeAHtlA/ELlqxoGDJtO011J4/hTHTn0iJGbktaCvc1L3TF6mgOsgXpudYqMg==}
    engines: {node: '>=14.0.0'}
    dependencies:
      '@aws-sdk/middleware-signing': 3.338.0
      '@aws-sdk/types': 3.338.0
      tslib: 2.5.2
    dev: false

  /@aws-sdk/middleware-serde@3.338.0:
    resolution: {integrity: sha512-AabRLrE6sk9tqQlQ7z3kn4gTHNN7Anjk/AM0ZEu96WcWjedcpgM1vVpKTBE7vjnxcTRNq0CEM3GLtQqaZ7/HjQ==}
    engines: {node: '>=14.0.0'}
    dependencies:
      '@aws-sdk/types': 3.338.0
      tslib: 2.5.2
    dev: false

  /@aws-sdk/middleware-signing@3.338.0:
    resolution: {integrity: sha512-AprhhShMF75mOx80SABujLwrU/w2uHQIvWd6aF3BsE5JRI3uQZRqspfjFCaK52HNLQPj3sCQUw1GeiZJ8GyWCw==}
    engines: {node: '>=14.0.0'}
    dependencies:
      '@aws-sdk/property-provider': 3.338.0
      '@aws-sdk/protocol-http': 3.338.0
      '@aws-sdk/signature-v4': 3.338.0
      '@aws-sdk/types': 3.338.0
      '@aws-sdk/util-middleware': 3.338.0
      tslib: 2.5.2
    dev: false

  /@aws-sdk/middleware-stack@3.338.0:
    resolution: {integrity: sha512-9zXyiklX9AK9ZIXuIPzWzz2vevBEcnBs9UNIxiHl4NBZ8d8oyTvaES1PtFuwL6f7ANSZ9EGVQ2rdTTnMNxMI1A==}
    engines: {node: '>=14.0.0'}
    dependencies:
      tslib: 2.5.2
    dev: false

  /@aws-sdk/middleware-user-agent@3.338.0:
    resolution: {integrity: sha512-DMqODOsDMFMPcDw2Ya6a0i34AhaBDRpp3vJ+FK3zPxUIsv6iHA+XqEcXLOxROLLoydoyxus7k2U+EWibLZrFbQ==}
    engines: {node: '>=14.0.0'}
    dependencies:
      '@aws-sdk/protocol-http': 3.338.0
      '@aws-sdk/types': 3.338.0
      '@aws-sdk/util-endpoints': 3.338.0
      tslib: 2.5.2
    dev: false

  /@aws-sdk/node-config-provider@3.338.0:
    resolution: {integrity: sha512-YO7yWg3ipnUI5u6D+Zn2NUpjj5krwc8zNWeY79ULVIp9g7faqGX3xMSjeRSrpZ83s5jg1dOm/+bB0gw7mCrRCw==}
    engines: {node: '>=14.0.0'}
    dependencies:
      '@aws-sdk/property-provider': 3.338.0
      '@aws-sdk/shared-ini-file-loader': 3.338.0
      '@aws-sdk/types': 3.338.0
      tslib: 2.5.2
    dev: false

  /@aws-sdk/node-http-handler@3.338.0:
    resolution: {integrity: sha512-V1BLzCruiv45tJ0vXjiamY8LncIsUFsXYJGDupomFYhWRN8L1MUB9f2vdKn5X3wXn/yKrluwTmNaryrIqd9akA==}
    engines: {node: '>=14.0.0'}
    dependencies:
      '@aws-sdk/abort-controller': 3.338.0
      '@aws-sdk/protocol-http': 3.338.0
      '@aws-sdk/querystring-builder': 3.338.0
      '@aws-sdk/types': 3.338.0
      tslib: 2.5.2
    dev: false

  /@aws-sdk/property-provider@3.338.0:
    resolution: {integrity: sha512-mC+ZJ738ipif6ZkH59gcipozYj1FOfpXr9pGVCA2hJGLDdaBwI2Jfpb2qCqbsTNtoCjBuIy+sQHGmUHyclgYHg==}
    engines: {node: '>=14.0.0'}
    dependencies:
      '@aws-sdk/types': 3.338.0
      tslib: 2.5.2
    dev: false

  /@aws-sdk/protocol-http@3.338.0:
    resolution: {integrity: sha512-JX03Q2gshdzOWtA/07kdpk0hqeOrOfwuF8TB97g66VCcIopYQkCeNH1zzkWu+RsGxfSlzQ7up+ZM6sclYXyB1A==}
    engines: {node: '>=14.0.0'}
    dependencies:
      '@aws-sdk/types': 3.338.0
      tslib: 2.5.2
    dev: false

  /@aws-sdk/querystring-builder@3.338.0:
    resolution: {integrity: sha512-IB3YhO93Htwt2SxJx4VWsN57Rt1KEsvZ6PbneO4bcS96E04BlfBujYMZ+QxEM3EJxorhpkwbI2QnI12IjD8FhA==}
    engines: {node: '>=14.0.0'}
    dependencies:
      '@aws-sdk/types': 3.338.0
      '@aws-sdk/util-uri-escape': 3.310.0
      tslib: 2.5.2
    dev: false

  /@aws-sdk/querystring-parser@3.338.0:
    resolution: {integrity: sha512-vtI8Gqx4yj0BZlWonRMgLz68sHt5H48HN+ClnY+fDDB/8KLnCuwZ3TGKmYIbYbshL9wjJz0A9aLzuC6nPQ5JKw==}
    engines: {node: '>=14.0.0'}
    dependencies:
      '@aws-sdk/types': 3.338.0
      tslib: 2.5.2
    dev: false

  /@aws-sdk/service-error-classification@3.338.0:
    resolution: {integrity: sha512-BJFr2mx/N3NbycGTlMMGRBc0tGcHXHEbMPy1H2RbejzL23zh27MchaL1WAK9SvwVMKS29hSDbhkuVR2ABRjerA==}
    engines: {node: '>=14.0.0'}
    dev: false

  /@aws-sdk/shared-ini-file-loader@3.338.0:
    resolution: {integrity: sha512-MA1Sp97LFlOXcUaXgo47j86IsPRWYq1V/JqR+uu0zofZw4Xlt7Y6F+mmnDHvuuMy6R2ltzjXSwgrrW3k0bxFPA==}
    engines: {node: '>=14.0.0'}
    dependencies:
      '@aws-sdk/types': 3.338.0
      tslib: 2.5.2
    dev: false

  /@aws-sdk/signature-v4@3.338.0:
    resolution: {integrity: sha512-EwKTe/8Iwab/v0eo27w7DRYlqp9wEZEhuRfOMwTikUVH6iuTnW6AXjcIUfcRYBRbx2zqnRSiMAZkjN6ZFYm0bQ==}
    engines: {node: '>=14.0.0'}
    dependencies:
      '@aws-sdk/is-array-buffer': 3.310.0
      '@aws-sdk/types': 3.338.0
      '@aws-sdk/util-hex-encoding': 3.310.0
      '@aws-sdk/util-middleware': 3.338.0
      '@aws-sdk/util-uri-escape': 3.310.0
      '@aws-sdk/util-utf8': 3.310.0
      tslib: 2.5.2
    dev: false

  /@aws-sdk/smithy-client@3.338.0:
    resolution: {integrity: sha512-IpFLdLG8GwaiFdqVXf+WyU47Hfa2BMIupAU6iSkE2ZO0lBdg+efn/BBwis5WbBNTDCaaU0xH9y68SmnqqtD7pA==}
    engines: {node: '>=14.0.0'}
    dependencies:
      '@aws-sdk/middleware-stack': 3.338.0
      '@aws-sdk/types': 3.338.0
      tslib: 2.5.2
    dev: false

  /@aws-sdk/token-providers@3.338.0:
    resolution: {integrity: sha512-wuiEGcWiMeq5N68M489i2iGYcCad9p1btNEOFgus+JO3DRSA6HZXizLI1wqfbUm5Ei8512AvUKB6N8PMzahQsg==}
    engines: {node: '>=14.0.0'}
    dependencies:
      '@aws-sdk/client-sso-oidc': 3.338.0
      '@aws-sdk/property-provider': 3.338.0
      '@aws-sdk/shared-ini-file-loader': 3.338.0
      '@aws-sdk/types': 3.338.0
      tslib: 2.5.2
    transitivePeerDependencies:
      - aws-crt
    dev: false

  /@aws-sdk/types@3.338.0:
    resolution: {integrity: sha512-hrNK15o+EObLrl9oWOyxJN2dwjgbdBMGolLEVP/wR/+M9ojHgk/x1kMsCVcV82a8Vgdtqx1TyOC3UugUPT0+NA==}
    engines: {node: '>=14.0.0'}
    dependencies:
      tslib: 2.5.2
    dev: false

  /@aws-sdk/url-parser@3.338.0:
    resolution: {integrity: sha512-x8a5swfZ6iWJZEA8rm99OKQ1A6xhWPP1taQUzoPavGCzPAOqyc8cd0FcXYMxvtXb3FeBhGaI8tiGKvelJro0+A==}
    dependencies:
      '@aws-sdk/querystring-parser': 3.338.0
      '@aws-sdk/types': 3.338.0
      tslib: 2.5.2
    dev: false

  /@aws-sdk/util-base64@3.310.0:
    resolution: {integrity: sha512-v3+HBKQvqgdzcbL+pFswlx5HQsd9L6ZTlyPVL2LS9nNXnCcR3XgGz9jRskikRUuUvUXtkSG1J88GAOnJ/apTPg==}
    engines: {node: '>=14.0.0'}
    dependencies:
      '@aws-sdk/util-buffer-from': 3.310.0
      tslib: 2.5.2
    dev: false

  /@aws-sdk/util-body-length-browser@3.310.0:
    resolution: {integrity: sha512-sxsC3lPBGfpHtNTUoGXMQXLwjmR0zVpx0rSvzTPAuoVILVsp5AU/w5FphNPxD5OVIjNbZv9KsKTuvNTiZjDp9g==}
    dependencies:
      tslib: 2.5.2
    dev: false

  /@aws-sdk/util-body-length-node@3.310.0:
    resolution: {integrity: sha512-2tqGXdyKhyA6w4zz7UPoS8Ip+7sayOg9BwHNidiGm2ikbDxm1YrCfYXvCBdwaJxa4hJfRVz+aL9e+d3GqPI9pQ==}
    engines: {node: '>=14.0.0'}
    dependencies:
      tslib: 2.5.2
    dev: false

  /@aws-sdk/util-buffer-from@3.310.0:
    resolution: {integrity: sha512-i6LVeXFtGih5Zs8enLrt+ExXY92QV25jtEnTKHsmlFqFAuL3VBeod6boeMXkN2p9lbSVVQ1sAOOYZOHYbYkntw==}
    engines: {node: '>=14.0.0'}
    dependencies:
      '@aws-sdk/is-array-buffer': 3.310.0
      tslib: 2.5.2
    dev: false

  /@aws-sdk/util-config-provider@3.310.0:
    resolution: {integrity: sha512-xIBaYo8dwiojCw8vnUcIL4Z5tyfb1v3yjqyJKJWV/dqKUFOOS0U591plmXbM+M/QkXyML3ypon1f8+BoaDExrg==}
    engines: {node: '>=14.0.0'}
    dependencies:
      tslib: 2.5.2
    dev: false

  /@aws-sdk/util-defaults-mode-browser@3.338.0:
    resolution: {integrity: sha512-Zfr5c7JKMJTfb7z+hgd0ioU5iw+wId6Cppc5V1HpZuS2YY4Mn3aJIixzyzhIoCzbmk/yIkf96981epM9eo3/TA==}
    engines: {node: '>= 10.0.0'}
    dependencies:
      '@aws-sdk/property-provider': 3.338.0
      '@aws-sdk/types': 3.338.0
      bowser: 2.11.0
      tslib: 2.5.2
    dev: false

  /@aws-sdk/util-defaults-mode-node@3.338.0:
    resolution: {integrity: sha512-DFM3BSpSetshZTgTjueCkAYZWS0tn5zl7SjkSpFhWQZ8Tt/Df3/DEjcPvxzmC/5vgYSUXNsqcI7lLAJk9aGZAA==}
    engines: {node: '>= 10.0.0'}
    dependencies:
      '@aws-sdk/config-resolver': 3.338.0
      '@aws-sdk/credential-provider-imds': 3.338.0
      '@aws-sdk/node-config-provider': 3.338.0
      '@aws-sdk/property-provider': 3.338.0
      '@aws-sdk/types': 3.338.0
      tslib: 2.5.2
    dev: false

  /@aws-sdk/util-endpoints@3.338.0:
    resolution: {integrity: sha512-0gBQcohbNcBsBR7oyaD0Dg2m6qOmfp0G1iN/NM23gwAr2H3ni8tUXfs1HsZzxikOwUr6dSLASokc30vQXBF44A==}
    engines: {node: '>=14.0.0'}
    dependencies:
      '@aws-sdk/types': 3.338.0
      tslib: 2.5.2
    dev: false

  /@aws-sdk/util-hex-encoding@3.310.0:
    resolution: {integrity: sha512-sVN7mcCCDSJ67pI1ZMtk84SKGqyix6/0A1Ab163YKn+lFBQRMKexleZzpYzNGxYzmQS6VanP/cfU7NiLQOaSfA==}
    engines: {node: '>=14.0.0'}
    dependencies:
      tslib: 2.5.2
    dev: false

  /@aws-sdk/util-locate-window@3.310.0:
    resolution: {integrity: sha512-qo2t/vBTnoXpjKxlsC2e1gBrRm80M3bId27r0BRB2VniSSe7bL1mmzM+/HFtujm0iAxtPM+aLEflLJlJeDPg0w==}
    engines: {node: '>=14.0.0'}
    dependencies:
      tslib: 2.5.2
    dev: false

  /@aws-sdk/util-middleware@3.338.0:
    resolution: {integrity: sha512-oQuAmhi16HWEqVa+Nq4VD4Ymet9vS+uiW92reaagQrW2QFjAgJW9A6pU0PcIHF9sWY1iDKeNdV5b9odQ45PDJA==}
    engines: {node: '>=14.0.0'}
    dependencies:
      tslib: 2.5.2
    dev: false

  /@aws-sdk/util-retry@3.338.0:
    resolution: {integrity: sha512-diR6M3gJgSgBg/87L2e8iF8urG+LOW9ZGWxhntYpYX4uhiIjwNgUPUa993553C8GIOZDHez5X9ExU4asYGQ71Q==}
    engines: {node: '>= 14.0.0'}
    dependencies:
      '@aws-sdk/service-error-classification': 3.338.0
      tslib: 2.5.2
    dev: false

  /@aws-sdk/util-uri-escape@3.310.0:
    resolution: {integrity: sha512-drzt+aB2qo2LgtDoiy/3sVG8w63cgLkqFIa2NFlGpUgHFWTXkqtbgf4L5QdjRGKWhmZsnqkbtL7vkSWEcYDJ4Q==}
    engines: {node: '>=14.0.0'}
    dependencies:
      tslib: 2.5.2
    dev: false

  /@aws-sdk/util-user-agent-browser@3.338.0:
    resolution: {integrity: sha512-3e8D+SOtOQEtRtksOEF7EC26xPkuY6YK6biLgdtvR9JspK96rHk5eX1HEJeBJJqbxhyPaxpIw+OhWhnsrUS3hA==}
    dependencies:
      '@aws-sdk/types': 3.338.0
      bowser: 2.11.0
      tslib: 2.5.2
    dev: false

  /@aws-sdk/util-user-agent-node@3.338.0:
    resolution: {integrity: sha512-rc+bC5KM9h25urRc+MXuViJkJ+qYG2NlCRw6xm2lSIvHFJTUjH1ZMO3mqNDYkGnQRbj0mmrVe+N77TJZGf3Q2Q==}
    engines: {node: '>=14.0.0'}
    peerDependencies:
      aws-crt: '>=1.0.0'
    peerDependenciesMeta:
      aws-crt:
        optional: true
    dependencies:
      '@aws-sdk/node-config-provider': 3.338.0
      '@aws-sdk/types': 3.338.0
      tslib: 2.5.2
    dev: false

  /@aws-sdk/util-utf8-browser@3.259.0:
    resolution: {integrity: sha512-UvFa/vR+e19XookZF8RzFZBrw2EUkQWxiBW0yYQAhvk3C+QVGl0H3ouca8LDBlBfQKXwmW3huo/59H8rwb1wJw==}
    dependencies:
      tslib: 2.5.2
    dev: false

  /@aws-sdk/util-utf8@3.310.0:
    resolution: {integrity: sha512-DnLfFT8uCO22uOJc0pt0DsSNau1GTisngBCDw8jQuWT5CqogMJu4b/uXmwEqfj8B3GX6Xsz8zOd6JpRlPftQoA==}
    engines: {node: '>=14.0.0'}
    dependencies:
      '@aws-sdk/util-buffer-from': 3.310.0
      tslib: 2.5.2
    dev: false

  /@aws-sdk/util-waiter@3.338.0:
    resolution: {integrity: sha512-15yWYJo/M4VDpZjlXgQDM4Du8UjX33eIVPJDrOmn/u+UrD6QUXoBuLXKns0uAMUTPFacBGZ0NwMywxieq0g11Q==}
    engines: {node: '>=14.0.0'}
    dependencies:
      '@aws-sdk/abort-controller': 3.338.0
      '@aws-sdk/types': 3.338.0
      tslib: 2.5.2
    dev: false

  /@cspotcode/source-map-support@0.8.1:
    resolution: {integrity: sha512-IchNf6dN4tHoMFIn/7OE8LWZ19Y6q/67Bmf6vnGREv8RSbBVb9LPJxEcnwrcwX6ixSvaiGoomAUvu4YSxXrVgw==}
    engines: {node: '>=12'}
    dependencies:
      '@jridgewell/trace-mapping': 0.3.9
    dev: true

  /@jridgewell/resolve-uri@3.1.1:
    resolution: {integrity: sha512-dSYZh7HhCDtCKm4QakX0xFpsRDqjjtZf/kjI/v3T3Nwt5r8/qz/M19F9ySyOqU94SXBmeG9ttTul+YnR4LOxFA==}
    engines: {node: '>=6.0.0'}
    dev: true

  /@jridgewell/sourcemap-codec@1.4.15:
    resolution: {integrity: sha512-eF2rxCRulEKXHTRiDrDy6erMYWqNw4LPdQ8UQA4huuxaQsVeRPFl2oM8oDGxMFhJUWZf9McpLtJasDDZb/Bpeg==}
    dev: true

  /@jridgewell/trace-mapping@0.3.9:
    resolution: {integrity: sha512-3Belt6tdc8bPgAtbcmdtNJlirVoTmEb5e2gC94PnkwEW9jI6CAHUeoG85tjWP5WquqfavoMtMwiG4P926ZKKuQ==}
    dependencies:
      '@jridgewell/resolve-uri': 3.1.1
      '@jridgewell/sourcemap-codec': 1.4.15
    dev: true

  /@smithy/protocol-http@1.0.1:
    resolution: {integrity: sha512-9OrEn0WfOVtBNYJUjUAn9AOiJ4lzERCJJ/JeZs8E6yajTGxBaFRxUnNBHiNqoDJVg076hY36UmEnPx7xXrvUSg==}
    engines: {node: '>=14.0.0'}
    dependencies:
      '@smithy/types': 1.0.0
      tslib: 2.5.2
    dev: false

  /@smithy/types@1.0.0:
    resolution: {integrity: sha512-kc1m5wPBHQCTixwuaOh9vnak/iJm21DrSf9UK6yDE5S3mQQ4u11pqAUiKWnlrZnYkeLfAI9UEHj9OaMT1v5Umg==}
    engines: {node: '>=14.0.0'}
    dependencies:
      tslib: 2.5.2
    dev: false

  /@tsconfig/node10@1.0.9:
    resolution: {integrity: sha512-jNsYVVxU8v5g43Erja32laIDHXeoNvFEpX33OK4d6hljo3jDhCBDhx5dhCCTMWUojscpAagGiRkBKxpdl9fxqA==}
    dev: true

  /@tsconfig/node12@1.0.11:
    resolution: {integrity: sha512-cqefuRsh12pWyGsIoBKJA9luFu3mRxCA+ORZvA4ktLSzIuCUtWVxGIuXigEwO5/ywWFMZ2QEGKWvkZG1zDMTag==}
    dev: true

  /@tsconfig/node14@1.0.3:
    resolution: {integrity: sha512-ysT8mhdixWK6Hw3i1V2AeRqZ5WfXg1G43mqoYlM2nc6388Fq5jcXyr5mRsqViLx/GJYdoL0bfXD8nmF+Zn/Iow==}
    dev: true

  /@tsconfig/node16@1.0.4:
    resolution: {integrity: sha512-vxhUy4J8lyeyinH7Azl1pdd43GJhZH/tP2weN8TntQblOY+A0XbT8DJk1/oCPuOOyg/Ja757rG0CgHcWC8OfMA==}
    dev: true

  /@types/nconf@0.10.3:
    resolution: {integrity: sha512-leyIuBk/rMIp9114FlPRkc/cQG+/JzCz1Afx3BD+CwK2ep3ZRxoC843V1rqnE2pC/jRRjANWhuVBEn4clCwlug==}
    dev: true

  /@types/node@20.2.3:
    resolution: {integrity: sha512-pg9d0yC4rVNWQzX8U7xb4olIOFuuVL9za3bzMT2pu2SU0SNEi66i2qrvhE2qt0HvkhuCaWJu7pLNOt/Pj8BIrw==}
    dev: true

  /acorn-walk@8.2.0:
    resolution: {integrity: sha512-k+iyHEuPgSw6SbuDpGQM+06HQUa04DZ3o+F6CSzXMvvI5KMvnaEqXe+YVe555R9nn6GPt404fos4wcgpw12SDA==}
    engines: {node: '>=0.4.0'}
    dev: true

  /acorn@8.8.2:
    resolution: {integrity: sha512-xjIYgE8HBrkpd/sJqOGNspf8uHG+NOHGOw6a/Urj8taM2EXfdNAH2oFcPeIFfsv3+kz/mJrS5VuMqbNLjCa2vw==}
    engines: {node: '>=0.4.0'}
    hasBin: true
    dev: true

  /ansi-regex@5.0.1:
    resolution: {integrity: sha512-quJQXlTSUGL2LH9SUXo8VwsY4soanhgo6LNSm84E1LBcE8s3O0wpdiRzyR9z/ZZJMlMWv37qOOb9pdJlMUEKFQ==}
    engines: {node: '>=8'}
    dev: false

  /ansi-styles@4.3.0:
    resolution: {integrity: sha512-zbB9rCJAT1rbjiVDb2hqKFHNYLxgtk8NURxZ3IZwD3F6NtxbXZQCnnSi1Lkx+IDohdPlFp222wVALIheZJQSEg==}
    engines: {node: '>=8'}
    dependencies:
      color-convert: 2.0.1
    dev: false

  /arg@4.1.3:
    resolution: {integrity: sha512-58S9QDqG0Xx27YwPSt9fJxivjYl432YCwfDMfZ+71RAqUrZef7LrKQZ3LHLOwCS4FLNBplP533Zx895SeOCHvA==}
    dev: true

  /async@3.2.4:
    resolution: {integrity: sha512-iAB+JbDEGXhyIUavoDl9WP/Jj106Kz9DEn1DPgYw5ruDn0e3Wgi3sKFm55sASdGBNOQB8F59d9qQ7deqrHA8wQ==}
    dev: false

  /bowser@2.11.0:
    resolution: {integrity: sha512-AlcaJBi/pqqJBIQ8U9Mcpc9i8Aqxn88Skv5d+xBX006BY5u8N3mGLHa5Lgppa7L/HfwgwLgZ6NYs+Ag6uUmJRA==}
    dev: false

  /cliui@7.0.4:
    resolution: {integrity: sha512-OcRE68cOsVMXp1Yvonl/fzkQOyjLSu/8bhPDfQt0e0/Eb283TKP20Fs2MqoPsr9SwA595rRCA+QMzYc9nBP+JQ==}
    dependencies:
      string-width: 4.2.3
      strip-ansi: 6.0.1
      wrap-ansi: 7.0.0
    dev: false

  /color-convert@2.0.1:
    resolution: {integrity: sha512-RRECPsj7iu/xb5oKYcsFHSppFNnsj/52OVTRKb4zP5onXwVF3zVmmToNcOfGC+CRDpfK/U584fMg38ZHCaElKQ==}
    engines: {node: '>=7.0.0'}
    dependencies:
      color-name: 1.1.4
    dev: false

  /color-name@1.1.4:
    resolution: {integrity: sha512-dOy+3AuW3a2wNbZHIuMZpTcgjGuLU/uBL/ubcZF9OXbDo8ff4O8yVp5Bf0efS8uEoYo5q4Fx7dY9OgQGXgAsQA==}
    dev: false

  /create-require@1.1.1:
    resolution: {integrity: sha512-dcKFX3jn0MpIaXjisoRvexIJVEKzaq7z2rZKxf+MSr9TkdmHmsU4m2lcLojrj/FHl8mk5VxMmYA+ftRkP/3oKQ==}
    dev: true

  /diff@4.0.2:
    resolution: {integrity: sha512-58lmxKSA4BNyLz+HHMUzlOEpg09FV+ev6ZMe3vJihgdxzgcwZ8VoEEPmALCZG9LmqfVoNMMKpttIYTVG6uDY7A==}
    engines: {node: '>=0.3.1'}
    dev: true

  /emoji-regex@8.0.0:
    resolution: {integrity: sha512-MSjYzcWNOA0ewAHpz0MxpYFvwg6yjy1NG3xteoqz644VCo/RPgnr1/GGt+ic3iJTzQ8Eu3TdM14SawnVUmGE6A==}
    dev: false

  /escalade@3.1.1:
    resolution: {integrity: sha512-k0er2gUkLf8O0zKJiAhmkTnJlTvINGv7ygDNPbeIsX/TJjGJZHuh9B2UxbsaEkmlEo9MfhrSzmhIlhRlI2GXnw==}
    engines: {node: '>=6'}
    dev: false

  /fast-xml-parser@4.1.2:
    resolution: {integrity: sha512-CDYeykkle1LiA/uqQyNwYpFbyF6Axec6YapmpUP+/RHWIoR1zKjocdvNaTsxCxZzQ6v9MLXaSYm9Qq0thv0DHg==}
    hasBin: true
    dependencies:
      strnum: 1.0.5
    dev: false

  /fastify-tsconfig@1.0.1:
    resolution: {integrity: sha512-BXkTG3JYcjJb3xX5R5FcE9ciscV/h7YtmnkiSaNAONd1g6ooMSN/4GWfhA8hnS6SRZFYBBxsn8719Mj9lbCOtA==}
    engines: {node: '>=10.4.0'}
    dev: false

  /get-caller-file@2.0.5:
    resolution: {integrity: sha512-DyFP3BM/3YHTQOCUL/w0OZHR0lpKeGrxotcHWcqNEdnltqFwXVfhEBQ94eIo34AfQpo0rGki4cyIiftY06h2Fg==}
    engines: {node: 6.* || 8.* || >= 10.*}
    dev: false

  /ini@2.0.0:
    resolution: {integrity: sha512-7PnF4oN3CvZF23ADhA5wRaYEQpJ8qygSkbtTXWBeXWXmEVRXK+1ITciHWwHhsjv1TmW0MgacIv6hEi5pX5NQdA==}
    engines: {node: '>=10'}
    dev: false

  /is-fullwidth-code-point@3.0.0:
    resolution: {integrity: sha512-zymm5+u+sCsSWyD9qNaejV3DFvhCKclKdizYaJUuHA83RLjb7nSuGnddCHGv0hk+KY7BMAlsWeK4Ueg6EV6XQg==}
    engines: {node: '>=8'}
    dev: false

  /make-error@1.3.6:
    resolution: {integrity: sha512-s8UhlNe7vPKomQhC1qFelMokr/Sc3AgNbso3n74mVPA5LTZwkB9NlXf4XPamLxJE8h0gh73rM94xvwRT2CVInw==}
    dev: true

  /nconf@0.12.0:
    resolution: {integrity: sha512-T3fZPw3c7Dfrz8JBQEbEcZJ2s8f7cUMpKuyBtsGQe0b71pcXx6gNh4oti2xh5dxB+gO9ufNfISBlGvvWtfyMcA==}
    engines: {node: '>= 0.4.0'}
    dependencies:
      async: 3.2.4
      ini: 2.0.0
      secure-keys: 1.0.0
      yargs: 16.2.0
    dev: false

  /require-directory@2.1.1:
    resolution: {integrity: sha1-jGStX9MNqxyXbiNE/+f3kqam30I=}
    engines: {node: '>=0.10.0'}
    dev: false

  /secure-keys@1.0.0:
    resolution: {integrity: sha1-8MgtmKOxOah3aogIBQuCRDEIf8o=}
    dev: false

  /string-width@4.2.3:
    resolution: {integrity: sha512-wKyQRQpjJ0sIp62ErSZdGsjMJWsap5oRNihHhu6G7JVO/9jIB6UyevL+tXuOqrng8j/cxKTWyWUwvSTriiZz/g==}
    engines: {node: '>=8'}
    dependencies:
      emoji-regex: 8.0.0
      is-fullwidth-code-point: 3.0.0
      strip-ansi: 6.0.1
    dev: false

  /strip-ansi@6.0.1:
    resolution: {integrity: sha512-Y38VPSHcqkFrCpFnQ9vuSXmquuv5oXOKpGeT6aGrr3o3Gc9AlVa6JBfUSOCnbxGGZF+/0ooI7KrPuUSztUdU5A==}
    engines: {node: '>=8'}
    dependencies:
      ansi-regex: 5.0.1
    dev: false

  /strnum@1.0.5:
    resolution: {integrity: sha512-J8bbNyKKXl5qYcR36TIO8W3mVGVHrmmxsd5PAItGkmyzwJvybiw2IVq5nqd0i4LSNSkB/sx9VHllbfFdr9k1JA==}
    dev: false

  /ts-node@10.9.1(@types/node@20.2.3)(typescript@5.0.4):
    resolution: {integrity: sha512-NtVysVPkxxrwFGUUxGYhfux8k78pQB3JqYBXlLRZgdGUqTO5wU/UyHop5p70iEbGhB7q5KmiZiU0Y3KlJrScEw==}
    hasBin: true
    peerDependencies:
      '@swc/core': '>=1.2.50'
      '@swc/wasm': '>=1.2.50'
      '@types/node': '*'
      typescript: '>=2.7'
    peerDependenciesMeta:
      '@swc/core':
        optional: true
      '@swc/wasm':
        optional: true
    dependencies:
      '@cspotcode/source-map-support': 0.8.1
      '@tsconfig/node10': 1.0.9
      '@tsconfig/node12': 1.0.11
      '@tsconfig/node14': 1.0.3
      '@tsconfig/node16': 1.0.4
      '@types/node': 20.2.3
      acorn: 8.8.2
      acorn-walk: 8.2.0
      arg: 4.1.3
      create-require: 1.1.1
      diff: 4.0.2
      make-error: 1.3.6
      typescript: 5.0.4
      v8-compile-cache-lib: 3.0.1
      yn: 3.1.1
    dev: true

  /tslib@1.14.1:
    resolution: {integrity: sha512-Xni35NKzjgMrwevysHTCArtLDpPvye8zV/0E4EyYn43P7/7qvQwPh9BGkHewbMulVntbigmcT7rdX3BNo9wRJg==}
    dev: false

  /tslib@2.5.2:
    resolution: {integrity: sha512-5svOrSA2w3iGFDs1HibEVBGbDrAY82bFQ3HZ3ixB+88nsbsWQoKqDRb5UBYAUPEzbBn6dAp5gRNXglySbx1MlA==}
    dev: false

  /typescript@5.0.4:
    resolution: {integrity: sha512-cW9T5W9xY37cc+jfEnaUvX91foxtHkza3Nw3wkoF4sSlKn0MONdkdEndig/qPBWXNkmplh3NzayQzCiHM4/hqw==}
    engines: {node: '>=12.20'}
    hasBin: true
    dev: true

  /uuid@8.3.2:
    resolution: {integrity: sha512-+NYs2QeMWy+GWFOEm9xnn6HCDp0l7QBD7ml8zLUmJ+93Q5NF0NocErnwkTkXVFNiX3/fpC6afS8Dhb/gz7R7eg==}
    hasBin: true
    dev: false

  /v8-compile-cache-lib@3.0.1:
    resolution: {integrity: sha512-wa7YjyUGfNZngI/vtK0UHAN+lgDCxBPCylVXGp0zu59Fz5aiGtNXaq3DhIov063MorB+VfufLh3JlF2KdTK3xg==}
    dev: true

  /wrap-ansi@7.0.0:
    resolution: {integrity: sha512-YVGIj2kamLSTxw6NsZjoBxfSwsn0ycdesmc4p+Q21c5zPuZ1pl+NfxVdxPtdHvmNVOQ6XSYG4AUtyt/Fi7D16Q==}
    engines: {node: '>=10'}
    dependencies:
      ansi-styles: 4.3.0
      string-width: 4.2.3
      strip-ansi: 6.0.1
    dev: false

  /y18n@5.0.8:
    resolution: {integrity: sha512-0pfFzegeDWJHJIAmTLRP2DwHjdF5s7jo9tuztdQxAhINCdvS+3nGINqPd00AphqJR/0LhANUS6/+7SCb98YOfA==}
    engines: {node: '>=10'}
    dev: false

  /yargs-parser@20.2.9:
    resolution: {integrity: sha512-y11nGElTIV+CT3Zv9t7VKl+Q3hTQoT9a1Qzezhhl6Rp21gJ/IVTW7Z3y9EWXhuUBC2Shnf+DX0antecpAwSP8w==}
    engines: {node: '>=10'}
    dev: false

  /yargs@16.2.0:
    resolution: {integrity: sha512-D1mvvtDG0L5ft/jGWkLpG1+m0eQxOfaBvTNELraWj22wSVUMWxZUvYgJYcKh6jGGIkJFhH4IZPQhR4TKpc8mBw==}
    engines: {node: '>=10'}
    dependencies:
      cliui: 7.0.4
      escalade: 3.1.1
      get-caller-file: 2.0.5
      require-directory: 2.1.1
      string-width: 4.2.3
      y18n: 5.0.8
      yargs-parser: 20.2.9
    dev: false

  /yn@3.1.1:
    resolution: {integrity: sha512-Ux4ygGWsu2c7isFWe8Yu1YluJmqVhxqK2cLXNQA5AcC3QfbGNpM7fu0Y8b/z16pXLnFxZYvWhd3fhBY9DLmC6Q==}
    engines: {node: '>=6'}
    dev: true
